
Microsoft Visual Studio Solution File, Format Version 12.00
# Visual Studio Version 16
VisualStudioVersion = 16.0.30114.105
MinimumVisualStudioVersion = 10.0.40219.1
Project("{2150E333-8FDC-42A3-9474-1A3956D46DE8}") = "src", "src", "{B698F594-B695-4A63-8600-C42790381A96}"
EndProject
Project("{FAE04EC0-301F-11D3-BF4B-00C04F79EFBC}") = "Api", "src\Api\Api.csproj", "{18421308-5786-4171-BBA6-ED3C271F9255}"
EndProject
Project("{FAE04EC0-301F-11D3-BF4B-00C04F79EFBC}") = "Domain", "src\Domain\Domain.csproj", "{8E2686D2-C15B-4D51-B8C2-A0E57C8D5C32}"
EndProject
Project("{FAE04EC0-301F-11D3-BF4B-00C04F79EFBC}") = "Infrastructure", "src\Infrastructure\Infrastructure.csproj", "{97D705A0-D3A3-4413-9613-7DAFBA34BA05}"
EndProject
Global
	GlobalSection(SolutionConfigurationPlatforms) = preSolution
		Debug|Any CPU = Debug|Any CPU
		Release|Any CPU = Release|Any CPU
	EndGlobalSection
	GlobalSection(SolutionProperties) = preSolution
		HideSolutionNode = FALSE
	EndGlobalSection
	GlobalSection(ProjectConfigurationPlatforms) = postSolution
		{18421308-5786-4171-BBA6-ED3C271F9255}.Debug|Any CPU.ActiveCfg = Debug|Any CPU
		{18421308-5786-4171-BBA6-ED3C271F9255}.Debug|Any CPU.Build.0 = Debug|Any CPU
		{18421308-5786-4171-BBA6-ED3C271F9255}.Release|Any CPU.ActiveCfg = Release|Any CPU
		{18421308-5786-4171-BBA6-ED3C271F9255}.Release|Any CPU.Build.0 = Release|Any CPU
		{8E2686D2-C15B-4D51-B8C2-A0E57C8D5C32}.Debug|Any CPU.ActiveCfg = Debug|Any CPU
		{8E2686D2-C15B-4D51-B8C2-A0E57C8D5C32}.Debug|Any CPU.Build.0 = Debug|Any CPU
		{8E2686D2-C15B-4D51-B8C2-A0E57C8D5C32}.Release|Any CPU.ActiveCfg = Release|Any CPU
		{8E2686D2-C15B-4D51-B8C2-A0E57C8D5C32}.Release|Any CPU.Build.0 = Release|Any CPU
		{97D705A0-D3A3-4413-9613-7DAFBA34BA05}.Debug|Any CPU.ActiveCfg = Debug|Any CPU
		{97D705A0-D3A3-4413-9613-7DAFBA34BA05}.Debug|Any CPU.Build.0 = Debug|Any CPU
		{97D705A0-D3A3-4413-9613-7DAFBA34BA05}.Release|Any CPU.ActiveCfg = Release|Any CPU
		{97D705A0-D3A3-4413-9613-7DAFBA34BA05}.Release|Any CPU.Build.0 = Release|Any CPU
	EndGlobalSection
	GlobalSection(NestedProjects) = preSolution
		{18421308-5786-4171-BBA6-ED3C271F9255} = {B698F594-B695-4A63-8600-C42790381A96}
		{8E2686D2-C15B-4D51-B8C2-A0E57C8D5C32} = {B698F594-B695-4A63-8600-C42790381A96}
		{97D705A0-D3A3-4413-9613-7DAFBA34BA05} = {B698F594-B695-4A63-8600-C42790381A96}
	EndGlobalSection
EndGlobal
